
Microsoft Visual Studio Solution File, Format Version 12.00
# Visual Studio Version 17
VisualStudioVersion = 17.4.33205.214
MinimumVisualStudioVersion = 10.0.40219.1
Project("{2150E333-8FDC-42A3-9474-1A3956D46DE8}") = "API_BASED", "API_BASED", "{14E6E887-F42B-4075-959E-F334665E80B1}"
EndProject
Project("{9A19103F-16F7-4668-BE54-9A1E7A4F7556}") = "Person.API", "Person.API\Person.API.csproj", "{1A0C0EAD-B909-43A1-9D29-F0680468C4F6}"
EndProject
Project("{9A19103F-16F7-4668-BE54-9A1E7A4F7556}") = "Employee.API", "Employee.API\Employee.API.csproj", "{FB59299E-CEDD-49CD-B1E0-5962BB842A39}"
EndProject
Project("{2150E333-8FDC-42A3-9474-1A3956D46DE8}") = "EVENT_BASED", "EVENT_BASED", "{D23F3AAD-40F2-4A96-AB22-36AAAF19B98B}"
EndProject
Project("{FAE04EC0-301F-11D3-BF4B-00C04F79EFBC}") = "ServiceA", "ServiceA\ServiceA.csproj", "{16B926E2-B8F6-4F48-A3BD-0B8BC5A746BE}"
EndProject
Project("{FAE04EC0-301F-11D3-BF4B-00C04F79EFBC}") = "ServiceB", "ServiceB\ServiceB.csproj", "{A60547CE-9E8E-4BDA-82B7-9238005AE9F6}"
EndProject
Project("{FAE04EC0-301F-11D3-BF4B-00C04F79EFBC}") = "Shared", "Shared\Shared.csproj", "{AF55EA26-E03D-43CB-B6F8-A474728CD19C}"
EndProject
Global
	GlobalSection(SolutionConfigurationPlatforms) = preSolution
		Debug|Any CPU = Debug|Any CPU
		Release|Any CPU = Release|Any CPU
	EndGlobalSection
	GlobalSection(ProjectConfigurationPlatforms) = postSolution
		{1A0C0EAD-B909-43A1-9D29-F0680468C4F6}.Debug|Any CPU.ActiveCfg = Debug|Any CPU
		{1A0C0EAD-B909-43A1-9D29-F0680468C4F6}.Debug|Any CPU.Build.0 = Debug|Any CPU
		{1A0C0EAD-B909-43A1-9D29-F0680468C4F6}.Release|Any CPU.ActiveCfg = Release|Any CPU
		{1A0C0EAD-B909-43A1-9D29-F0680468C4F6}.Release|Any CPU.Build.0 = Release|Any CPU
		{FB59299E-CEDD-49CD-B1E0-5962BB842A39}.Debug|Any CPU.ActiveCfg = Debug|Any CPU
		{FB59299E-CEDD-49CD-B1E0-5962BB842A39}.Debug|Any CPU.Build.0 = Debug|Any CPU
		{FB59299E-CEDD-49CD-B1E0-5962BB842A39}.Release|Any CPU.ActiveCfg = Release|Any CPU
		{FB59299E-CEDD-49CD-B1E0-5962BB842A39}.Release|Any CPU.Build.0 = Release|Any CPU
		{16B926E2-B8F6-4F48-A3BD-0B8BC5A746BE}.Debug|Any CPU.ActiveCfg = Debug|Any CPU
		{16B926E2-B8F6-4F48-A3BD-0B8BC5A746BE}.Debug|Any CPU.Build.0 = Debug|Any CPU
		{16B926E2-B8F6-4F48-A3BD-0B8BC5A746BE}.Release|Any CPU.ActiveCfg = Release|Any CPU
		{16B926E2-B8F6-4F48-A3BD-0B8BC5A746BE}.Release|Any CPU.Build.0 = Release|Any CPU
		{A60547CE-9E8E-4BDA-82B7-9238005AE9F6}.Debug|Any CPU.ActiveCfg = Debug|Any CPU
		{A60547CE-9E8E-4BDA-82B7-9238005AE9F6}.Debug|Any CPU.Build.0 = Debug|Any CPU
		{A60547CE-9E8E-4BDA-82B7-9238005AE9F6}.Release|Any CPU.ActiveCfg = Release|Any CPU
		{A60547CE-9E8E-4BDA-82B7-9238005AE9F6}.Release|Any CPU.Build.0 = Release|Any CPU
		{AF55EA26-E03D-43CB-B6F8-A474728CD19C}.Debug|Any CPU.ActiveCfg = Debug|Any CPU
		{AF55EA26-E03D-43CB-B6F8-A474728CD19C}.Debug|Any CPU.Build.0 = Debug|Any CPU
		{AF55EA26-E03D-43CB-B6F8-A474728CD19C}.Release|Any CPU.ActiveCfg = Release|Any CPU
		{AF55EA26-E03D-43CB-B6F8-A474728CD19C}.Release|Any CPU.Build.0 = Release|Any CPU
	EndGlobalSection
	GlobalSection(SolutionProperties) = preSolution
		HideSolutionNode = FALSE
	EndGlobalSection
	GlobalSection(NestedProjects) = preSolution
		{1A0C0EAD-B909-43A1-9D29-F0680468C4F6} = {14E6E887-F42B-4075-959E-F334665E80B1}
		{FB59299E-CEDD-49CD-B1E0-5962BB842A39} = {14E6E887-F42B-4075-959E-F334665E80B1}
		{16B926E2-B8F6-4F48-A3BD-0B8BC5A746BE} = {D23F3AAD-40F2-4A96-AB22-36AAAF19B98B}
		{A60547CE-9E8E-4BDA-82B7-9238005AE9F6} = {D23F3AAD-40F2-4A96-AB22-36AAAF19B98B}
		{AF55EA26-E03D-43CB-B6F8-A474728CD19C} = {D23F3AAD-40F2-4A96-AB22-36AAAF19B98B}
	EndGlobalSection
	GlobalSection(ExtensibilityGlobals) = postSolution
		SolutionGuid = {C18BB0A6-55AB-439C-B816-D366D50C600F}
	EndGlobalSection
EndGlobal
