
Microsoft Visual Studio Solution File, Format Version 12.00
# Visual Studio Version 17
VisualStudioVersion = 17.4.33205.214
MinimumVisualStudioVersion = 10.0.40219.1
Project("{2150E333-8FDC-42A3-9474-1A3956D46DE8}") = "API_BASED", "API_BASED", "{14E6E887-F42B-4075-959E-F334665E80B1}"
EndProject
Project("{FAE04EC0-301F-11D3-BF4B-00C04F79EFBC}") = "Person.API", "Person.API\Person.API.csproj", "{1A0C0EAD-B909-43A1-9D29-F0680468C4F6}"
EndProject
Project("{FAE04EC0-301F-11D3-BF4B-00C04F79EFBC}") = "Employee.API", "Employee.API\Employee.API.csproj", "{FB59299E-CEDD-49CD-B1E0-5962BB842A39}"
EndProject
Global
	GlobalSection(SolutionConfigurationPlatforms) = preSolution
		Debug|Any CPU = Debug|Any CPU
		Release|Any CPU = Release|Any CPU
	EndGlobalSection
	GlobalSection(ProjectConfigurationPlatforms) = postSolution
		{1A0C0EAD-B909-43A1-9D29-F0680468C4F6}.Debug|Any CPU.ActiveCfg = Debug|Any CPU
		{1A0C0EAD-B909-43A1-9D29-F0680468C4F6}.Debug|Any CPU.Build.0 = Debug|Any CPU
		{1A0C0EAD-B909-43A1-9D29-F0680468C4F6}.Release|Any CPU.ActiveCfg = Release|Any CPU
		{1A0C0EAD-B909-43A1-9D29-F0680468C4F6}.Release|Any CPU.Build.0 = Release|Any CPU
		{FB59299E-CEDD-49CD-B1E0-5962BB842A39}.Debug|Any CPU.ActiveCfg = Debug|Any CPU
		{FB59299E-CEDD-49CD-B1E0-5962BB842A39}.Debug|Any CPU.Build.0 = Debug|Any CPU
		{FB59299E-CEDD-49CD-B1E0-5962BB842A39}.Release|Any CPU.ActiveCfg = Release|Any CPU
		{FB59299E-CEDD-49CD-B1E0-5962BB842A39}.Release|Any CPU.Build.0 = Release|Any CPU
	EndGlobalSection
	GlobalSection(SolutionProperties) = preSolution
		HideSolutionNode = FALSE
	EndGlobalSection
	GlobalSection(NestedProjects) = preSolution
		{1A0C0EAD-B909-43A1-9D29-F0680468C4F6} = {14E6E887-F42B-4075-959E-F334665E80B1}
		{FB59299E-CEDD-49CD-B1E0-5962BB842A39} = {14E6E887-F42B-4075-959E-F334665E80B1}
	EndGlobalSection
	GlobalSection(ExtensibilityGlobals) = postSolution
		SolutionGuid = {C18BB0A6-55AB-439C-B816-D366D50C600F}
	EndGlobalSection
EndGlobal
